{
  "nodes": {
    "autosuggestions": {
      "flake": false,
      "locked": {
        "lastModified": 1750781703,
        "narHash": "sha256-KmkXgK1J6iAyb1FtF/gOa0adUnh1pgFsgQOUnNngBaE=",
        "owner": "zsh-users",
        "repo": "zsh-autosuggestions",
        "rev": "85919cd1ffa7d2d5412f6d3fe437ebdbeeec4fc5",
        "type": "github"
      },
      "original": {
        "owner": "zsh-users",
        "repo": "zsh-autosuggestions",
        "type": "github"
      }
    },
    "completions": {
      "flake": false,
      "locked": {
        "lastModified": 1770186567,
        "narHash": "sha256-xIEK/PdyQ9x1A9qiKgZFiqkAUwQsZNcBWQFYh/OTLWw=",
        "owner": "zsh-users",
        "repo": "zsh-completions",
        "rev": "989d0445450b8e79b3cde2da3b7f4bb54934354c",
        "type": "github"
      },
      "original": {
        "owner": "zsh-users",
        "repo": "zsh-completions",
        "type": "github"
      }
    },
    "crane": {
      "locked": {
        "lastModified": 1765145449,
        "narHash": "sha256-aBVHGWWRzSpfL++LubA0CwOOQ64WNLegrYHwsVuVN7A=",
        "owner": "ipetkov",
        "repo": "crane",
        "rev": "69f538cdce5955fcd47abfed4395dc6d5194c1c5",
        "type": "github"
      },
      "original": {
        "owner": "ipetkov",
        "repo": "crane",
        "type": "github"
      }
    },
    "flake-compat": {
      "flake": false,
      "locked": {
        "lastModified": 1761588595,
        "narHash": "sha256-XKUZz9zewJNUj46b4AJdiRZJAvSZ0Dqj2BNfXvFlJC4=",
        "owner": "edolstra",
        "repo": "flake-compat",
        "rev": "f387cd2afec9419c8ee37694406ca490c3f34ee5",
        "type": "github"
      },
      "original": {
        "owner": "edolstra",
        "repo": "flake-compat",
        "type": "github"
      }
    },
    "flake-parts": {
      "inputs": {
        "nixpkgs-lib": [
          "nixvim",
          "nixpkgs"
        ]
      },
      "locked": {
        "lastModified": 1769996383,
        "narHash": "sha256-AnYjnFWgS49RlqX7LrC4uA+sCCDBj0Ry/WOJ5XWAsa0=",
        "owner": "hercules-ci",
        "repo": "flake-parts",
        "rev": "57928607ea566b5db3ad13af0e57e921e6b12381",
        "type": "github"
      },
      "original": {
        "owner": "hercules-ci",
        "repo": "flake-parts",
        "type": "github"
      }
    },
    "fzf-tab": {
      "flake": false,
      "locked": {
        "lastModified": 1770118187,
        "narHash": "sha256-gatFp2kjyqaqi8hu0UWPDtQAy+X2VmyYNPP4aiNDdHg=",
        "owner": "aloxaf",
        "repo": "fzf-tab",
        "rev": "747c15de85a38748b28c29ac65616137dbb4c8b6",
        "type": "github"
      },
      "original": {
        "owner": "aloxaf",
        "repo": "fzf-tab",
        "type": "github"
      }
    },
    "gitignore": {
      "inputs": {
        "nixpkgs": [
          "lanzaboote",
          "pre-commit",
          "nixpkgs"
        ]
      },
      "locked": {
        "lastModified": 1709087332,
        "narHash": "sha256-HG2cCnktfHsKV0s4XW83gU3F57gaTljL9KNSuG6bnQs=",
        "owner": "hercules-ci",
        "repo": "gitignore.nix",
        "rev": "637db329424fd7e46cf4185293b9cc8c88c95394",
        "type": "github"
      },
      "original": {
        "owner": "hercules-ci",
        "repo": "gitignore.nix",
        "type": "github"
      }
    },
    "home-manager": {
      "inputs": {
        "nixpkgs": [
          "nixpkgs"
        ]
      },
      "locked": {
        "lastModified": 1771102945,
        "narHash": "sha256-e5NfW8NhC3qChR8bHVni/asrig/ZFzd1wzpq+cEE/tg=",
        "owner": "nix-community",
        "repo": "home-manager",
        "rev": "ff5e5d882c51f9a032479595cbab40fd04f56399",
        "type": "github"
      },
      "original": {
        "owner": "nix-community",
        "repo": "home-manager",
        "type": "github"
      }
    },
    "lanzaboote": {
      "inputs": {
        "crane": "crane",
        "nixpkgs": [
          "nixpkgs"
        ],
        "pre-commit": "pre-commit",
        "rust-overlay": "rust-overlay"
      },
      "locked": {
        "lastModified": 1765382359,
        "narHash": "sha256-RJmgVDzjRI18BWVogG6wpsl1UCuV6ui8qr4DJ1LfWZ8=",
        "owner": "nix-community",
        "repo": "lanzaboote",
        "rev": "e8c096ade12ec9130ff931b0f0e25d2f1bc63607",
        "type": "github"
      },
      "original": {
        "owner": "nix-community",
        "ref": "v1.0.0",
        "repo": "lanzaboote",
        "type": "github"
      }
    },
    "nix-flatpak": {
      "locked": {
        "lastModified": 1767983141,
        "narHash": "sha256-7ZCulYUD9RmJIDULTRkGLSW1faMpDlPKcbWJLYHoXcs=",
        "owner": "gmodena",
        "repo": "nix-flatpak",
        "rev": "440818969ac2cbd77bfe025e884d0aa528991374",
        "type": "github"
      },
      "original": {
        "owner": "gmodena",
        "ref": "latest",
        "repo": "nix-flatpak",
        "type": "github"
      }
    },
    "nixos-hardware": {
      "locked": {
        "lastModified": 1770882871,
        "narHash": "sha256-nw5g+xl3veea+maxJ2/81tMEA/rPq9aF1H5XF35X+OE=",
        "owner": "NixOS",
        "repo": "nixos-hardware",
        "rev": "af04cb78aa85b2a4d1c15fc7270347e0d0eda97b",
        "type": "github"
      },
      "original": {
        "owner": "NixOS",
        "ref": "master",
        "repo": "nixos-hardware",
        "type": "github"
      }
    },
    "nixpkgs": {
      "locked": {
        "lastModified": 1771008912,
        "narHash": "sha256-gf2AmWVTs8lEq7z/3ZAsgnZDhWIckkb+ZnAo5RzSxJg=",
        "owner": "NixOS",
        "repo": "nixpkgs",
        "rev": "a82ccc39b39b621151d6732718e3e250109076fa",
        "type": "github"
      },
      "original": {
        "owner": "NixOS",
        "ref": "nixos-unstable",
        "repo": "nixpkgs",
        "type": "github"
      }
    },
    "nixvim": {
      "inputs": {
        "flake-parts": "flake-parts",
        "nixpkgs": [
          "nixpkgs"
        ],
        "systems": "systems"
      },
      "locked": {
        "lastModified": 1771023756,
        "narHash": "sha256-sTj1hrPT7D4oGHaQQzwDeqyZBwnxYc+T7yceyQc4sy4=",
        "owner": "nix-community",
        "repo": "nixvim",
        "rev": "4c63aa76be59b49ae89892ae803005afd4a400cd",
        "type": "github"
      },
      "original": {
        "owner": "nix-community",
        "repo": "nixvim",
        "type": "github"
      }
    },
    "obsidian-plugins": {
      "inputs": {
        "nixpkgs": [
          "nixpkgs"
        ]
      },
      "locked": {
        "lastModified": 1771111337,
        "narHash": "sha256-irgirnPtgbs0G0kpMWpHC3tmZ4YzCEHcKJ+Y+MIPDx4=",
        "owner": "SimonReilich",
        "repo": "Obsidian-Plugin-Flake",
        "rev": "7a0f690e20f934d56a3dd91f4d7c9cfcbeb753a4",
        "type": "github"
      },
      "original": {
        "owner": "SimonReilich",
        "repo": "Obsidian-Plugin-Flake",
        "type": "github"
      }
    },
    "pandora-nix": {
      "inputs": {
        "nixpkgs": [
          "nixpkgs"
        ]
      },
      "locked": {
        "lastModified": 1771338167,
        "narHash": "sha256-zZHT8EF6XOpLmLZGLWftWlU1qx6Nxn7x5LsuO/p4TaY=",
        "owner": "simonreilich",
        "repo": "pandora-flake",
        "rev": "a8ab25a67a097c6d762ff39030e4c003bbf6f45f",
        "type": "github"
      },
      "original": {
        "owner": "simonreilich",
        "repo": "pandora-flake",
        "type": "github"
      }
    },
    "popprotosim-neo": {
      "inputs": {
        "nixpkgs": [
          "nixpkgs"
        ]
      },
      "locked": {
        "lastModified": 1771112074,
        "narHash": "sha256-tzMq0BN8dechoLm+Y6eQhJYIRWfSO7XzIZqwHnd09hQ=",
        "owner": "SimonReilich",
        "repo": "PopProtoSim-Neo",
        "rev": "3b4bd6fb85d2a9ec26ab59df66c668b2d942cc72",
        "type": "github"
      },
      "original": {
        "owner": "SimonReilich",
        "repo": "PopProtoSim-Neo",
        "type": "github"
      }
    },
    "pre-commit": {
      "inputs": {
        "flake-compat": "flake-compat",
        "gitignore": "gitignore",
        "nixpkgs": [
          "lanzaboote",
          "nixpkgs"
        ]
      },
      "locked": {
        "lastModified": 1765016596,
        "narHash": "sha256-rhSqPNxDVow7OQKi4qS5H8Au0P4S3AYbawBSmJNUtBQ=",
        "owner": "cachix",
        "repo": "pre-commit-hooks.nix",
        "rev": "548fc44fca28a5e81c5d6b846e555e6b9c2a5a3c",
        "type": "github"
      },
      "original": {
        "owner": "cachix",
        "repo": "pre-commit-hooks.nix",
        "type": "github"
      }
    },
    "root": {
      "inputs": {
        "home-manager": "home-manager",
        "lanzaboote": "lanzaboote",
        "nix-flatpak": "nix-flatpak",
        "nixos-hardware": "nixos-hardware",
        "nixpkgs": "nixpkgs",
        "nixvim": "nixvim",
        "obsidian-plugins": "obsidian-plugins",
        "pandora-nix": "pandora-nix",
        "popprotosim-neo": "popprotosim-neo",
        "thunderbird-gnome-theme": "thunderbird-gnome-theme",
        "zsh-plugins": "zsh-plugins"
      }
    },
    "rust-overlay": {
      "inputs": {
        "nixpkgs": [
          "lanzaboote",
          "nixpkgs"
        ]
      },
      "locked": {
        "lastModified": 1765075567,
        "narHash": "sha256-KFDCdQcHJ0hE3Nt5Gm5enRIhmtEifAjpxgUQ3mzSJpA=",
        "owner": "oxalica",
        "repo": "rust-overlay",
        "rev": "769156779b41e8787a46ca3d7d76443aaf68be6f",
        "type": "github"
      },
      "original": {
        "owner": "oxalica",
        "repo": "rust-overlay",
        "type": "github"
      }
    },
    "syntax-highlighting": {
      "flake": false,
      "locked": {
        "lastModified": 1770569380,
        "narHash": "sha256-VMne38IQwqB4jwGUI2f3eEiSkT2ww7+G5ch7w+65GT0=",
        "owner": "zsh-users",
        "repo": "zsh-syntax-highlighting",
        "rev": "1d85c692615a25fe2293bdd44b34c217d5d2bf04",
        "type": "github"
      },
      "original": {
        "owner": "zsh-users",
        "repo": "zsh-syntax-highlighting",
        "type": "github"
      }
    },
    "systems": {
      "locked": {
        "lastModified": 1681028828,
        "narHash": "sha256-Vy1rq5AaRuLzOxct8nz4T6wlgyUR7zLU309k9mBC768=",
        "owner": "nix-systems",
        "repo": "default",
        "rev": "da67096a3b9bf56a91d16901293e51ba5b49a27e",
        "type": "github"
      },
      "original": {
        "owner": "nix-systems",
        "repo": "default",
        "type": "github"
      }
    },
    "thunderbird-gnome-theme": {
      "flake": false,
      "locked": {
        "lastModified": 1757216698,
        "narHash": "sha256-aQAlgHsBAS+DdyYDlYhW/xT86xIu9FO8yJEzSCVaSBg=",
        "owner": "rafaelmardojai",
        "repo": "thunderbird-gnome-theme",
        "rev": "8b9a19eb188b3ede65e8f12a11637bbd56e4f4d7",
        "type": "github"
      },
      "original": {
        "owner": "rafaelmardojai",
        "repo": "thunderbird-gnome-theme",
        "type": "github"
      }
    },
    "zsh-plugins": {
      "inputs": {
        "autosuggestions": "autosuggestions",
        "completions": "completions",
        "fzf-tab": "fzf-tab",
        "syntax-highlighting": "syntax-highlighting"
      },
      "locked": {
        "lastModified": 1771111058,
        "narHash": "sha256-Xn/ZYOlWOXiMpt3tMNqDnqgj5gv/0/TA7NCQ7tZdmhw=",
        "owner": "SimonReilich",
        "repo": "Zsh-Plugin-Flake",
        "rev": "ef8403f285a68c82507227ef1dc7987882f66cd4",
        "type": "github"
      },
      "original": {
        "owner": "SimonReilich",
        "repo": "Zsh-Plugin-Flake",
        "type": "github"
      }
    }
  },
  "root": "root",
  "version": 7
}
